# This file is automatically @generated by Cargo.
# It is not intended for manual editing.
version = 3

[[package]]
name = "nt-primes"
version = "0.1.0"
dependencies = [
 "number-theory",
]

[[package]]
name = "number-theory"
version = "0.0.2"
source = "git+https://github.com/JASory/ENT#c5b38d331fa55646f721b9a249caac48bb3adc6d"
