# This file is automatically @generated by Cargo.
# It is not intended for manual editing.
version = 3

[[package]]
name = "nt-primes"
version = "0.0.0"
dependencies = [
 "number-theory",
]

[[package]]
name = "number-theory"
version = "0.0.4"
source = "registry+https://github.com/rust-lang/crates.io-index"
checksum = "011e6ef5ae22545e19dfd3aca3542a8a27782b10821d6d2fece6684244acff3f"
